Ejecuto en el cmd => terraform plan                   

Copio toda la salida de mi consola a continuación:

Terraform used the selected providers to generate the following execution plan. Resource actions are indicated with the following symbols:
  + create

Terraform will perform the following actions:

  # azurerm_container_registry.acr will be created
  + resource "azurerm_container_registry" "acr" {
      + admin_enabled                 = true
      + admin_password                = (sensitive value)
      + admin_username                = (known after apply)
      + encryption                    = (known after apply)
      + export_policy_enabled         = true
      + id                            = (known after apply)
      + location                      = "spaincentral"
      + login_server                  = (known after apply)
      + name                          = "davidacr"
      + network_rule_bypass_option    = "AzureServices"
      + network_rule_set              = (known after apply)
      + public_network_access_enabled = true
      + resource_group_name           = "davidrgn"
      + sku                           = "Basic"
      + trust_policy_enabled          = false
      + zone_redundancy_enabled       = false
    }

  # azurerm_kubernetes_cluster.aks will be created
  + resource "azurerm_kubernetes_cluster" "aks" {
      + current_kubernetes_version          = (known after apply)
      + dns_prefix                          = "myaks"
      + fqdn                                = (known after apply)
      + http_application_routing_zone_name  = (known after apply)
      + id                                  = (known after apply)
      + kube_admin_config                   = (sensitive value)
      + kube_admin_config_raw               = (sensitive value)
      + kube_config                         = (sensitive value)
      + kube_config_raw                     = (sensitive value)
      + kubernetes_version                  = (known after apply)
      + location                            = "spaincentral"
      + name                                = "miAKS"
      + node_os_upgrade_channel             = "NodeImage"
      + node_resource_group                 = (known after apply)
      + node_resource_group_id              = (known after apply)
      + oidc_issuer_url                     = (known after apply)
      + portal_fqdn                         = (known after apply)
      + private_cluster_enabled             = false
      + private_cluster_public_fqdn_enabled = false
      + private_dns_zone_id                 = (known after apply)
      + private_fqdn                        = (known after apply)
      + resource_group_name                 = "davidrgn"
      + role_based_access_control_enabled   = true
      + run_command_enabled                 = true
      + sku_tier                            = "Free"
      + support_plan                        = "KubernetesOfficial"
      + workload_identity_enabled           = false

      + auto_scaler_profile (known after apply)

      + default_node_pool {
          + kubelet_disk_type    = (known after apply)
          + max_pods             = (known after apply)
          + name                 = "default"
          + node_count           = 1
          + node_labels          = (known after apply)
          + orchestrator_version = (known after apply)
          + os_disk_size_gb      = (known after apply)
          + os_disk_type         = "Managed"
          + os_sku               = (known after apply)
          + scale_down_mode      = "Delete"
          + type                 = "VirtualMachineScaleSets"
          + ultra_ssd_enabled    = false
          + vm_size              = "Standard_B2s"
          + workload_runtime     = (known after apply)
        }

      + identity {
          + principal_id = (known after apply)
          + tenant_id    = (known after apply)
          + type         = "SystemAssigned"
        }

      + kubelet_identity (known after apply)

      + network_profile (known after apply)

      + windows_profile (known after apply)
    }

  # azurerm_linux_virtual_machine.avml will be created
  + resource "azurerm_linux_virtual_machine" "avml" {
      + admin_username                                         = "ubuntuadmin"
      + allow_extension_operations                             = true
      + bypass_platform_safety_checks_on_user_schedule_enabled = false
      + computer_name                                          = (known after apply)
      + disable_password_authentication                        = true
      + disk_controller_type                                   = (known after apply)
      + extensions_time_budget                                 = "PT1H30M"
      + id                                                     = (known after apply)
      + location                                               = "spaincentral"
      + max_bid_price                                          = -1
      + name                                                   = "avml-ubuntu"
      + network_interface_ids                                  = (known after apply)
      + patch_assessment_mode                                  = "ImageDefault"
      + patch_mode                                             = "ImageDefault"
      + platform_fault_domain                                  = -1
      + priority                                               = "Regular"
      + private_ip_address                                     = (known after apply)
      + private_ip_addresses                                   = (known after apply)
      + provision_vm_agent                                     = true
      + public_ip_address                                      = (known after apply)
      + public_ip_addresses                                    = (known after apply)
      + resource_group_name                                    = "davidrgn"
      + size                                                   = "Standard_B1s"
      + tags                                                   = {
          + "environment" = "dev"
        }
      + virtual_machine_id                                     = (known after apply)
      + vm_agent_platform_updates_enabled                      = false

      + admin_ssh_key {
          + public_key = "ssh-rsa AAAAB3NzaC1yc2EAAAADAQABAAACAQDCo8zxBGA2DQMo4CPKxu5b4DgvTpMc28hLQwiOWoGVag+iUcV+6/33dh1Cry7rvM8S2JPH88gOl2Nb7TpVDZtR/WNz9UsIb1n8vM8JpCB+yaI4q2+CTxqbmWjFFeWa5q0evg97VKnZI5kirdDem0y+Jgmm/+8zo2nb7YE6vTP9SU9Wzzkz9VBZHsG+7rnAvaw6/bzdG3A5O1Al1lTjyCJ3p3xTtvdxwcgLHpxhuV/7/VF2NHhV6WswbI7txi6F99dRMLjSmcY9g7fHI3qNWnlrRKctkWdH1/mQphhEzf+xnlwoLgNc9/toiT+3472NFeSSG/tdaNZUp16e/wHOEMKBJmeAvijpYkk/WFTxTh0i7RdPUc9rredutOU4DrMkxWl+fWAxHOosJonAF9IObBK+2e2aQ6AB/HX9j3lRH5qF1ig5+iUZB4oz1Krr3imVblHIVDzhLV8MT1T2gw+dblVJMH6diAUxwx9teeEiM0dMStY1IYWZXU+8dQttLMiremcAvW/Qs7nbfxt1S5NTraS+l2Zo09ssmVZVEbSXFjrweivgzLkqO76+2AbyeEGuq8azL0aDbnEJyKOySenUVYkpnoXcdQF0LPQSFHabtwH5qbsX+eKnsxlZZ/m6vydz6Kw2gUhLCSp0zyUy5GsK9+VXUB1ZpIlloU0nl9oXoqpAHw== david.ramon578@comunidadunir.net"
          + username   = "ubuntuadmin"
        }

      + os_disk {
          + caching                   = "ReadWrite"
          + disk_size_gb              = (known after apply)
          + id                        = (known after apply)
          + name                      = (known after apply)
          + storage_account_type      = "Standard_LRS"
          + write_accelerator_enabled = false
        }

      + source_image_reference {
          + offer     = "UbuntuServer"
          + publisher = "Canonical"
          + sku       = "18.04-LTS"
          + version   = "latest"
        }

      + termination_notification (known after apply)
    }

  # azurerm_network_interface.anic will be created
  + resource "azurerm_network_interface" "anic" {
      + accelerated_networking_enabled = false
      + applied_dns_servers            = (known after apply)
      + id                             = (known after apply)
      + internal_domain_name_suffix    = (known after apply)
      + ip_forwarding_enabled          = false
      + location                       = "spaincentral"
      + mac_address                    = (known after apply)
      + name                           = "anic-ubuntu"
      + private_ip_address             = (known after apply)
      + private_ip_addresses           = (known after apply)
      + resource_group_name            = "davidrgn"
      + virtual_machine_id             = (known after apply)

      + ip_configuration {
          + gateway_load_balancer_frontend_ip_configuration_id = (known after apply)
          + name                                               = "miIPConf"
          + primary                                            = (known after apply)
          + private_ip_address                                 = (known after apply)
          + private_ip_address_allocation                      = "Dynamic"
          + private_ip_address_version                         = "IPv4"
          + public_ip_address_id                               = (known after apply)
          + subnet_id                                          = (known after apply)
        }
    }

  # azurerm_network_interface_security_group_association.nsg_association will be created
  + resource "azurerm_network_interface_security_group_association" "nsg_association" {
      + id                        = (known after apply)
      + network_interface_id      = (known after apply)
      + network_security_group_id = (known after apply)
    }

  # azurerm_network_security_group.ansg will be created
  + resource "azurerm_network_security_group" "ansg" {
      + id                  = (known after apply)
      + location            = "spaincentral"
      + name                = "ansg-test"
      + resource_group_name = "davidrgn"
      + security_rule       = [
          + {
              + access                                     = "Allow"
              + destination_address_prefix                 = "*"
              + destination_address_prefixes               = []
              + destination_application_security_group_ids = []
              + destination_port_range                     = "22"
              + destination_port_ranges                    = []
              + direction                                  = "Inbound"
              + name                                       = "AllowSSH"
              + priority                                   = 1000
              + protocol                                   = "Tcp"
              + source_address_prefix                      = "*"
              + source_address_prefixes                    = []
              + source_application_security_group_ids      = []
              + source_port_range                          = "*"
              + source_port_ranges                         = []
                # (1 unchanged attribute hidden)
            },
        ]
    }

  # azurerm_public_ip.apublic_ip will be created
  + resource "azurerm_public_ip" "apublic_ip" {
      + allocation_method       = "Static"
      + ddos_protection_mode    = "VirtualNetworkInherited"
      + fqdn                    = (known after apply)
      + id                      = (known after apply)
      + idle_timeout_in_minutes = 4
      + ip_address              = (known after apply)
      + ip_version              = "IPv4"
      + location                = "spaincentral"
      + name                    = "miIPPublic"
      + resource_group_name     = "davidrgn"
      + sku                     = "Basic"
      + sku_tier                = "Regional"
      + tags                    = {
          + "environment" = "dev"
        }
    }

  # azurerm_resource_group.arg will be created
  + resource "azurerm_resource_group" "arg" {
      + id       = (known after apply)
      + location = "spaincentral"
      + name     = "davidrgn"
    }

  # azurerm_subnet.asubnet will be created
  + resource "azurerm_subnet" "asubnet" {
      + address_prefixes                              = [
          + "10.0.1.0/24",
        ]
      + default_outbound_access_enabled               = true
      + id                                            = (known after apply)
      + name                                          = "miAsubnet"
      + private_endpoint_network_policies             = "Disabled"
      + private_link_service_network_policies_enabled = true
      + resource_group_name                           = "davidrgn"
      + virtual_network_name                          = "miAvnet"
    }

  # azurerm_virtual_network.avnet will be created
  + resource "azurerm_virtual_network" "avnet" {
      + address_space                  = [
          + "10.0.0.0/16",
        ]
      + dns_servers                    = (known after apply)
      + guid                           = (known after apply)
      + id                             = (known after apply)
      + location                       = "spaincentral"
      + name                           = "miAvnet"
      + private_endpoint_vnet_policies = "Disabled"
      + resource_group_name            = "davidrgn"
      + subnet                         = (known after apply)
    }

Plan: 10 to add, 0 to change, 0 to destroy.

Changes to Outputs:
  + acr_name  = "davidacr"
  + public_ip = (known after apply)

─────────────────────────────────────────────────────────────────────────────────────────────────────────────────────────────────────────────────────────────────────────────────────────────────── 

Note: You didn't use the -out option to save this plan, so Terraform can't guarantee to take exactly these actions if you run "terraform apply" now.